// !$*UTF8*$!
{
	archiveVersion = 1;
	classes = {
	};
	objectVersion = 50;
	objects = {

/* Begin PBXBuildFile section */
		D66B02E7223306F20078EF1E /* AppDelegate.swift in Sources */ = {isa = PBXBuildFile; fileRef = D66B02E6223306F20078EF1E /* AppDelegate.swift */; };
		D66B02E9223306F20078EF1E /* CameraVC.swift in Sources */ = {isa = PBXBuildFile; fileRef = D66B02E8223306F20078EF1E /* CameraVC.swift */; };
		D66B02EC223306F20078EF1E /* Main.storyboard in Resources */ = {isa = PBXBuildFile; fileRef = D66B02EA223306F20078EF1E /* Main.storyboard */; };
		D66B02EE223306F30078EF1E /* Assets.xcassets in Resources */ = {isa = PBXBuildFile; fileRef = D66B02ED223306F30078EF1E /* Assets.xcassets */; };
		D66B02F1223306F30078EF1E /* LaunchScreen.storyboard in Resources */ = {isa = PBXBuildFile; fileRef = D66B02EF223306F30078EF1E /* LaunchScreen.storyboard */; };
		D66B02FC22339B2E0078EF1E /* RoundedShadowView.swift in Sources */ = {isa = PBXBuildFile; fileRef = D66B02FB22339B2E0078EF1E /* RoundedShadowView.swift */; };
		D66B02FE22339C9F0078EF1E /* RoundedShadowBtn.swift in Sources */ = {isa = PBXBuildFile; fileRef = D66B02FD22339C9F0078EF1E /* RoundedShadowBtn.swift */; };
		D66B030022339D180078EF1E /* RoundedShadowImageView.swift in Sources */ = {isa = PBXBuildFile; fileRef = D66B02FF22339D180078EF1E /* RoundedShadowImageView.swift */; };
		D66B030222355D960078EF1E /* SqueezeNet.mlmodel in Sources */ = {isa = PBXBuildFile; fileRef = D66B030122355D960078EF1E /* SqueezeNet.mlmodel */; };
/* End PBXBuildFile section */

/* Begin PBXFileReference section */
		D66B02E3223306F20078EF1E /* VisionCoreML.app */ = {isa = PBXFileReference; explicitFileType = wrapper.application; includeInIndex = 0; path = VisionCoreML.app; sourceTree = BUILT_PRODUCTS_DIR; };
		D66B02E6223306F20078EF1E /* AppDelegate.swift */ = {isa = PBXFileReference; lastKnownFileType = sourcecode.swift; path = AppDelegate.swift; sourceTree = "<group>"; };
		D66B02E8223306F20078EF1E /* CameraVC.swift */ = {isa = PBXFileReference; lastKnownFileType = sourcecode.swift; path = CameraVC.swift; sourceTree = "<group>"; };
		D66B02EB223306F20078EF1E /* Base */ = {isa = PBXFileReference; lastKnownFileType = file.storyboard; name = Base; path = Base.lproj/Main.storyboard; sourceTree = "<group>"; };
		D66B02ED223306F30078EF1E /* Assets.xcassets */ = {isa = PBXFileReference; lastKnownFileType = folder.assetcatalog; path = Assets.xcassets; sourceTree = "<group>"; };
		D66B02F0223306F30078EF1E /* Base */ = {isa = PBXFileReference; lastKnownFileType = file.storyboard; name = Base; path = Base.lproj/LaunchScreen.storyboard; sourceTree = "<group>"; };
		D66B02F2223306F30078EF1E /* Info.plist */ = {isa = PBXFileReference; lastKnownFileType = text.plist.xml; path = Info.plist; sourceTree = "<group>"; };
		D66B02FB22339B2E0078EF1E /* RoundedShadowView.swift */ = {isa = PBXFileReference; lastKnownFileType = sourcecode.swift; path = RoundedShadowView.swift; sourceTree = "<group>"; };
		D66B02FD22339C9F0078EF1E /* RoundedShadowBtn.swift */ = {isa = PBXFileReference; lastKnownFileType = sourcecode.swift; path = RoundedShadowBtn.swift; sourceTree = "<group>"; };
		D66B02FF22339D180078EF1E /* RoundedShadowImageView.swift */ = {isa = PBXFileReference; lastKnownFileType = sourcecode.swift; path = RoundedShadowImageView.swift; sourceTree = "<group>"; };
		D66B030122355D960078EF1E /* SqueezeNet.mlmodel */ = {isa = PBXFileReference; lastKnownFileType = file.mlmodel; path = SqueezeNet.mlmodel; sourceTree = "<group>"; };
/* End PBXFileReference section */

/* Begin PBXFrameworksBuildPhase section */
		D66B02E0223306F20078EF1E /* Frameworks */ = {
			isa = PBXFrameworksBuildPhase;
			buildActionMask = 2147483647;
			files = (
			);
			runOnlyForDeploymentPostprocessing = 0;
		};
/* End PBXFrameworksBuildPhase section */

/* Begin PBXGroup section */
		D66B02DA223306F20078EF1E = {
			isa = PBXGroup;
			children = (
				D66B02E5223306F20078EF1E /* VisionCoreML */,
				D66B02E4223306F20078EF1E /* Products */,
			);
			sourceTree = "<group>";
		};
		D66B02E4223306F20078EF1E /* Products */ = {
			isa = PBXGroup;
			children = (
				D66B02E3223306F20078EF1E /* VisionCoreML.app */,
			);
			name = Products;
			sourceTree = "<group>";
		};
		D66B02E5223306F20078EF1E /* VisionCoreML */ = {
			isa = PBXGroup;
			children = (
				D66B030122355D960078EF1E /* SqueezeNet.mlmodel */,
				D66B02F8223307160078EF1E /* Resources */,
				D66B02F9223307210078EF1E /* View */,
				D66B02FA223307260078EF1E /* Controller */,
				D66B02E6223306F20078EF1E /* AppDelegate.swift */,
				D66B02E8223306F20078EF1E /* CameraVC.swift */,
				D66B02EA223306F20078EF1E /* Main.storyboard */,
				D66B02ED223306F30078EF1E /* Assets.xcassets */,
				D66B02EF223306F30078EF1E /* LaunchScreen.storyboard */,
				D66B02F2223306F30078EF1E /* Info.plist */,
			);
			path = VisionCoreML;
			sourceTree = "<group>";
		};
		D66B02F8223307160078EF1E /* Resources */ = {
			isa = PBXGroup;
			children = (
			);
			path = Resources;
			sourceTree = "<group>";
		};
		D66B02F9223307210078EF1E /* View */ = {
			isa = PBXGroup;
			children = (
				D66B02FB22339B2E0078EF1E /* RoundedShadowView.swift */,
				D66B02FD22339C9F0078EF1E /* RoundedShadowBtn.swift */,
				D66B02FF22339D180078EF1E /* RoundedShadowImageView.swift */,
			);
			path = View;
			sourceTree = "<group>";
		};
		D66B02FA223307260078EF1E /* Controller */ = {
			isa = PBXGroup;
			children = (
			);
			path = Controller;
			sourceTree = "<group>";
		};
/* End PBXGroup section */

/* Begin PBXNativeTarget section */
		D66B02E2223306F20078EF1E /* VisionCoreML */ = {
			isa = PBXNativeTarget;
			buildConfigurationList = D66B02F5223306F30078EF1E /* Build configuration list for PBXNativeTarget "VisionCoreML" */;
			buildPhases = (
				D66B02DF223306F20078EF1E /* Sources */,
				D66B02E0223306F20078EF1E /* Frameworks */,
				D66B02E1223306F20078EF1E /* Resources */,
			);
			buildRules = (
			);
			dependencies = (
			);
			name = VisionCoreML;
			productName = VisionCoreML;
			productReference = D66B02E3223306F20078EF1E /* VisionCoreML.app */;
			productType = "com.apple.product-type.application";
		};
/* End PBXNativeTarget section */

/* Begin PBXProject section */
		D66B02DB223306F20078EF1E /* Project object */ = {
			isa = PBXProject;
			attributes = {
				LastSwiftUpdateCheck = 1010;
				LastUpgradeCheck = 1010;
				ORGANIZATIONNAME = "Tomasz Jaeschke";
				TargetAttributes = {
					D66B02E2223306F20078EF1E = {
						CreatedOnToolsVersion = 10.1;
					};
				};
			};
			buildConfigurationList = D66B02DE223306F20078EF1E /* Build configuration list for PBXProject "VisionCoreML" */;
			compatibilityVersion = "Xcode 9.3";
			developmentRegion = en;
			hasScannedForEncodings = 0;
			knownRegions = (
				en,
				Base,
			);
			mainGroup = D66B02DA223306F20078EF1E;
			productRefGroup = D66B02E4223306F20078EF1E /* Products */;
			projectDirPath = "";
			projectRoot = "";
			targets = (
				D66B02E2223306F20078EF1E /* VisionCoreML */,
			);
		};
/* End PBXProject section */

/* Begin PBXResourcesBuildPhase section */
		D66B02E1223306F20078EF1E /* Resources */ = {
			isa = PBXResourcesBuildPhase;
			buildActionMask = 2147483647;
			files = (
				D66B02F1223306F30078EF1E /* LaunchScreen.storyboard in Resources */,
				D66B02EE223306F30078EF1E /* Assets.xcassets in Resources */,
				D66B02EC223306F20078EF1E /* Main.storyboard in Resources */,
			);
			runOnlyForDeploymentPostprocessing = 0;
		};
/* End PBXResourcesBuildPhase section */

/* Begin PBXSourcesBuildPhase section */
		D66B02DF223306F20078EF1E /* Sources */ = {
			isa = PBXSourcesBuildPhase;
			buildActionMask = 2147483647;
			files = (
				D66B02FE22339C9F0078EF1E /* RoundedShadowBtn.swift in Sources */,
				D66B030222355D960078EF1E /* SqueezeNet.mlmodel in Sources */,
				D66B02E9223306F20078EF1E /* CameraVC.swift in Sources */,
				D66B02E7223306F20078EF1E /* AppDelegate.swift in Sources */,
				D66B02FC22339B2E0078EF1E /* RoundedShadowView.swift in Sources */,
				D66B030022339D180078EF1E /* RoundedShadowImageView.swift in Sources */,
			);
			runOnlyForDeploymentPostprocessing = 0;
		};
/* End PBXSourcesBuildPhase section */

/* Begin PBXVariantGroup section */
		D66B02EA223306F20078EF1E /* Main.storyboard */ = {
			isa = PBXVariantGroup;
			children = (
				D66B02EB223306F20078EF1E /* Base */,
			);
			name = Main.storyboard;
			sourceTree = "<group>";
		};
		D66B02EF223306F30078EF1E /* LaunchScreen.storyboard */ = {
			isa = PBXVariantGroup;
			children = (
				D66B02F0223306F30078EF1E /* Base */,
			);
			name = LaunchScreen.storyboard;
			sourceTree = "<group>";
		};
/* End PBXVariantGroup section */

/* Begin XCBuildConfiguration section */
		D66B02F3223306F30078EF1E /* Debug */ = {
			isa = XCBuildConfiguration;
			buildSettings = {
				ALWAYS_SEARCH_USER_PATHS = NO;
				CLANG_ANALYZER_NONNULL = YES;
				CLANG_ANALYZER_NUMBER_OBJECT_CONVERSION = YES_AGGRESSIVE;
				CLANG_CXX_LANGUAGE_STANDARD = "gnu++14";
				CLANG_CXX_LIBRARY = "libc++";
				CLANG_ENABLE_MODULES = YES;
				CLANG_ENABLE_OBJC_ARC = YES;
				CLANG_ENABLE_OBJC_WEAK = YES;
				CLANG_WARN_BLOCK_CAPTURE_AUTORELEASING = YES;
				CLANG_WARN_BOOL_CONVERSION = YES;
				CLANG_WARN_COMMA = YES;
				CLANG_WARN_CONSTANT_CONVERSION = YES;
				CLANG_WARN_DEPRECATED_OBJC_IMPLEMENTATIONS = YES;
				CLANG_WARN_DIRECT_OBJC_ISA_USAGE = YES_ERROR;
				CLANG_WARN_DOCUMENTATION_COMMENTS = YES;
				CLANG_WARN_EMPTY_BODY = YES;
				CLANG_WARN_ENUM_CONVERSION = YES;
				CLANG_WARN_INFINITE_RECURSION = YES;
				CLANG_WARN_INT_CONVERSION = YES;
				CLANG_WARN_NON_LITERAL_NULL_CONVERSION = YES;
				CLANG_WARN_OBJC_IMPLICIT_RETAIN_SELF = YES;
				CLANG_WARN_OBJC_LITERAL_CONVERSION = YES;
				CLANG_WARN_OBJC_ROOT_CLASS = YES_ERROR;
				CLANG_WARN_RANGE_LOOP_ANALYSIS = YES;
				CLANG_WARN_STRICT_PROTOTYPES = YES;
				CLANG_WARN_SUSPICIOUS_MOVE = YES;
				CLANG_WARN_UNGUARDED_AVAILABILITY = YES_AGGRESSIVE;
				CLANG_WARN_UNREACHABLE_CODE = YES;
				CLANG_WARN__DUPLICATE_METHOD_MATCH = YES;
				CODE_SIGN_IDENTITY = "iPhone Developer";
				COPY_PHASE_STRIP = NO;
				DEBUG_INFORMATION_FORMAT = dwarf;
				ENABLE_STRICT_OBJC_MSGSEND = YES;
				ENABLE_TESTABILITY = YES;
				GCC_C_LANGUAGE_STANDARD = gnu11;
				GCC_DYNAMIC_NO_PIC = NO;
				GCC_NO_COMMON_BLOCKS = YES;
				GCC_OPTIMIZATION_LEVEL = 0;
				GCC_PREPROCESSOR_DEFINITIONS = (
					"DEBUG=1",
					"$(inherited)",
				);
				GCC_WARN_64_TO_32_BIT_CONVERSION = YES;
				GCC_WARN_ABOUT_RETURN_TYPE = YES_ERROR;
				GCC_WARN_UNDECLARED_SELECTOR = YES;
				GCC_WARN_UNINITIALIZED_AUTOS = YES_AGGRESSIVE;
				GCC_WARN_UNUSED_FUNCTION = YES;
				GCC_WARN_UNUSED_VARIABLE = YES;
				IPHONEOS_DEPLOYMENT_TARGET = 12.1;
				MTL_ENABLE_DEBUG_INFO = INCLUDE_SOURCE;
				MTL_FAST_MATH = YES;
				ONLY_ACTIVE_ARCH = YES;
				SDKROOT = iphoneos;
				SWIFT_ACTIVE_COMPILATION_CONDITIONS = DEBUG;
				SWIFT_OPTIMIZATION_LEVEL = "-Onone";
			};
			name = Debug;
		};
		D66B02F4223306F30078EF1E /* Release */ = {
			isa = XCBuildConfiguration;
			buildSettings = {
				ALWAYS_SEARCH_USER_PATHS = NO;
				CLANG_ANALYZER_NONNULL = YES;
				CLANG_ANALYZER_NUMBER_OBJECT_CONVERSION = YES_AGGRESSIVE;
				CLANG_CXX_LANGUAGE_STANDARD = "gnu++14";
				CLANG_CXX_LIBRARY = "libc++";
				CLANG_ENABLE_MODULES = YES;
				CLANG_ENABLE_OBJC_ARC = YES;
				CLANG_ENABLE_OBJC_WEAK = YES;
				CLANG_WARN_BLOCK_CAPTURE_AUTORELEASING = YES;
				CLANG_WARN_BOOL_CONVERSION = YES;
				CLANG_WARN_COMMA = YES;
				CLANG_WARN_CONSTANT_CONVERSION = YES;
				CLANG_WARN_DEPRECATED_OBJC_IMPLEMENTATIONS = YES;
				CLANG_WARN_DIRECT_OBJC_ISA_USAGE = YES_ERROR;
				CLANG_WARN_DOCUMENTATION_COMMENTS = YES;
				CLANG_WARN_EMPTY_BODY = YES;
				CLANG_WARN_ENUM_CONVERSION = YES;
				CLANG_WARN_INFINITE_RECURSION = YES;
				CLANG_WARN_INT_CONVERSION = YES;
				CLANG_WARN_NON_LITERAL_NULL_CONVERSION = YES;
				CLANG_WARN_OBJC_IMPLICIT_RETAIN_SELF = YES;
				CLANG_WARN_OBJC_LITERAL_CONVERSION = YES;
				CLANG_WARN_OBJC_ROOT_CLASS = YES_ERROR;
				CLANG_WARN_RANGE_LOOP_ANALYSIS = YES;
				CLANG_WARN_STRICT_PROTOTYPES = YES;
				CLANG_WARN_SUSPICIOUS_MOVE = YES;
				CLANG_WARN_UNGUARDED_AVAILABILITY = YES_AGGRESSIVE;
				CLANG_WARN_UNREACHABLE_CODE = YES;
				CLANG_WARN__DUPLICATE_METHOD_MATCH = YES;
				CODE_SIGN_IDENTITY = "iPhone Developer";
				COPY_PHASE_STRIP = NO;
				DEBUG_INFORMATION_FORMAT = "dwarf-with-dsym";
				ENABLE_NS_ASSERTIONS = NO;
				ENABLE_STRICT_OBJC_MSGSEND = YES;
				GCC_C_LANGUAGE_STANDARD = gnu11;
				GCC_NO_COMMON_BLOCKS = YES;
				GCC_WARN_64_TO_32_BIT_CONVERSION = YES;
				GCC_WARN_ABOUT_RETURN_TYPE = YES_ERROR;
				GCC_WARN_UNDECLARED_SELECTOR = YES;
				GCC_WARN_UNINITIALIZED_AUTOS = YES_AGGRESSIVE;
				GCC_WARN_UNUSED_FUNCTION = YES;
				GCC_WARN_UNUSED_VARIABLE = YES;
				IPHONEOS_DEPLOYMENT_TARGET = 12.1;
				MTL_ENABLE_DEBUG_INFO = NO;
				MTL_FAST_MATH = YES;
				SDKROOT = iphoneos;
				SWIFT_COMPILATION_MODE = wholemodule;
				SWIFT_OPTIMIZATION_LEVEL = "-O";
				VALIDATE_PRODUCT = YES;
			};
			name = Release;
		};
		D66B02F6223306F30078EF1E /* Debug */ = {
			isa = XCBuildConfiguration;
			buildSettings = {
				ASSETCATALOG_COMPILER_APPICON_NAME = AppIcon;
				CODE_SIGN_STYLE = Automatic;
				DEVELOPMENT_TEAM = 5F3T78YFZV;
				INFOPLIST_FILE = VisionCoreML/Info.plist;
				LD_RUNPATH_SEARCH_PATHS = (
					"$(inherited)",
					"@executable_path/Frameworks",
				);
				PRODUCT_BUNDLE_IDENTIFIER = com.tomaszjaeschke.VisionCoreML;
				PRODUCT_NAME = "$(TARGET_NAME)";
				SWIFT_VERSION = 4.2;
				TARGETED_DEVICE_FAMILY = "1,2";
			};
			name = Debug;
		};
		D66B02F7223306F30078EF1E /* Release */ = {
			isa = XCBuildConfiguration;
			buildSettings = {
				ASSETCATALOG_COMPILER_APPICON_NAME = AppIcon;
				CODE_SIGN_STYLE = Automatic;
				DEVELOPMENT_TEAM = 5F3T78YFZV;
				INFOPLIST_FILE = VisionCoreML/Info.plist;
				LD_RUNPATH_SEARCH_PATHS = (
					"$(inherited)",
					"@executable_path/Frameworks",
				);
				PRODUCT_BUNDLE_IDENTIFIER = com.tomaszjaeschke.VisionCoreML;
				PRODUCT_NAME = "$(TARGET_NAME)";
				SWIFT_VERSION = 4.2;
				TARGETED_DEVICE_FAMILY = "1,2";
			};
			name = Release;
		};
/* End XCBuildConfiguration section */

/* Begin XCConfigurationList section */
		D66B02DE223306F20078EF1E /* Build configuration list for PBXProject "VisionCoreML" */ = {
			isa = XCConfigurationList;
			buildConfigurations = (
				D66B02F3223306F30078EF1E /* Debug */,
				D66B02F4223306F30078EF1E /* Release */,
			);
			defaultConfigurationIsVisible = 0;
			defaultConfigurationName = Release;
		};
		D66B02F5223306F30078EF1E /* Build configuration list for PBXNativeTarget "VisionCoreML" */ = {
			isa = XCConfigurationList;
			buildConfigurations = (
				D66B02F6223306F30078EF1E /* Debug */,
				D66B02F7223306F30078EF1E /* Release */,
			);
			defaultConfigurationIsVisible = 0;
			defaultConfigurationName = Release;
		};
/* End XCConfigurationList section */
	};
	rootObject = D66B02DB223306F20078EF1E /* Project object */;
}
